
Microsoft Visual Studio Solution File, Format Version 12.00
# Visual Studio 15
VisualStudioVersion = 15.0.28010.2050
MinimumVisualStudioVersion = 10.0.40219.1
Project("{FAE04EC0-301F-11D3-BF4B-00C04F79EFBC}") = "MegaDownloader", "MegaDownloader\MegaDownloader.csproj", "{6A5EF019-39B1-4BC2-B558-D5B27DAABD59}"
EndProject
Project("{FAE04EC0-301F-11D3-BF4B-00C04F79EFBC}") = "DownloaderLibrary", "DownloaderLibrary\DownloaderLibrary.csproj", "{2D3437BF-86B7-48E1-8F36-70B91CAE34F1}"
EndProject
Project("{FAE04EC0-301F-11D3-BF4B-00C04F79EFBC}") = "MultiDownloader", "ConsoleApp1\MultiDownloader.csproj", "{7A29ED5D-9264-41BF-BA49-B3F3BB0C388C}"
EndProject
Global
	GlobalSection(SolutionConfigurationPlatforms) = preSolution
		Debug|Any CPU = Debug|Any CPU
		Release|Any CPU = Release|Any CPU
	EndGlobalSection
	GlobalSection(ProjectConfigurationPlatforms) = postSolution
		{6A5EF019-39B1-4BC2-B558-D5B27DAABD59}.Debug|Any CPU.ActiveCfg = Debug|Any CPU
		{6A5EF019-39B1-4BC2-B558-D5B27DAABD59}.Debug|Any CPU.Build.0 = Debug|Any CPU
		{6A5EF019-39B1-4BC2-B558-D5B27DAABD59}.Release|Any CPU.ActiveCfg = Release|Any CPU
		{6A5EF019-39B1-4BC2-B558-D5B27DAABD59}.Release|Any CPU.Build.0 = Release|Any CPU
		{2D3437BF-86B7-48E1-8F36-70B91CAE34F1}.Debug|Any CPU.ActiveCfg = Debug|Any CPU
		{2D3437BF-86B7-48E1-8F36-70B91CAE34F1}.Debug|Any CPU.Build.0 = Debug|Any CPU
		{2D3437BF-86B7-48E1-8F36-70B91CAE34F1}.Release|Any CPU.ActiveCfg = Release|Any CPU
		{2D3437BF-86B7-48E1-8F36-70B91CAE34F1}.Release|Any CPU.Build.0 = Release|Any CPU
		{7A29ED5D-9264-41BF-BA49-B3F3BB0C388C}.Debug|Any CPU.ActiveCfg = Debug|Any CPU
		{7A29ED5D-9264-41BF-BA49-B3F3BB0C388C}.Debug|Any CPU.Build.0 = Debug|Any CPU
		{7A29ED5D-9264-41BF-BA49-B3F3BB0C388C}.Release|Any CPU.ActiveCfg = Release|Any CPU
		{7A29ED5D-9264-41BF-BA49-B3F3BB0C388C}.Release|Any CPU.Build.0 = Release|Any CPU
	EndGlobalSection
	GlobalSection(SolutionProperties) = preSolution
		HideSolutionNode = FALSE
	EndGlobalSection
	GlobalSection(ExtensibilityGlobals) = postSolution
		SolutionGuid = {430D5C5A-AB3F-4562-A3A3-BBA1364670E7}
	EndGlobalSection
EndGlobal
